dependencies:
  esp_cam_sensor:
    dependencies: []
    source:
      path: '@XIAOTAI_P4_PROJECT_DIR@/components/esp_cam_sensor'
      type: local
    version: 2.6.0
  esp_ipa:
    dependencies: []
    source:
      path: '@XIAOTAI_P4_PROJECT_DIR@/components/esp_ipa'
      type: local
    version: 2.4.0
  esp_sccb_intf:
    dependencies: []
    source:
      path: '@XIAOTAI_P4_PROJECT_DIR@/components/esp_sccb_intf'
      type: local
    version: 0.0.9
  espressif/cjson:
    component_hash: e788323270d90738662d66fffa910bfe1fba019bba087f01557e70c40485b469
    dependencies:
    - name: idf
      require: private
      version: '>=5.0'
    source:
      registry_url: https://components.espressif.com/
      type: service
    version: 1.7.19~2
  espressif/cmake_utilities:
    component_hash: 351350613ceafba240b761b4ea991e0f231ac7a9f59a9ee901f751bddc0bb18f
    dependencies:
    - name: idf
      require: private
      version: '>=4.1'
    source:
      registry_url: https://components.espressif.com/
      type: service
    version: 0.5.3
  espressif/dl_fft:
    component_hash: 3e8f7d34e04bfa6333f289a6d126745bebe0cee9311b81a6a5d106047f63ef65
    dependencies:
    - name: idf
      require: private
      version: '>=5.0'
    source:
      registry_url: https://components.espressif.com/
      type: service
    version: 0.7.0
  espressif/eppp_link:
    component_hash: c1369b37f2b0b427b198ae14e07e7547d3da92b95fe4dc7f949e5de560b35f21
    dependencies:
    - name: espressif/esp_serial_slave_link
      registry_url: https://components.espressif.com
      require: private
      version: ^1.1.0
    - name: idf
      require: private
      version: '>=5.2'
    source:
      registry_url: https://components.espressif.com/
      type: service
    version: 1.1.6
  espressif/esp-dl:
    dependencies: []
    source:
      path: '@XIAOTAI_P4_PROJECT_DIR@/components/espressif__esp-dl'
      type: local
    version: 3.3.12
  espressif/esp-dsp:
    component_hash: 12e44db246517a627bc0fe2b255b8335410c0215c98bfba2df5a8e3edea839ef
    dependencies:
    - name: idf
      require: private
      version: '>=4.2'
    source:
      registry_url: https://components.espressif.com/
      type: service
    version: 1.8.0
  espressif/esp-nn:
    dependencies: []
    source:
      path: '@XIAOTAI_P4_PROJECT_DIR@/components/espressif__esp-nn'
      type: local
    version: 1.4.1
  espressif/esp-sr:
    dependencies: []
    source:
      path: '@XIAOTAI_P4_PROJECT_DIR@/components/espressif__esp-sr'
      type: local
    version: 2.5.4
  espressif/esp-tflite-micro:
    component_hash: d225633964514d5d59f3c41fcccf3163ff5d8974ff08b43abba3a553e3cc7467
    dependencies:
    - name: idf
      version: '>=5.1'
    - name: espressif/esp-nn
      version: '>=1.3.0'
    source:
      git: https://github.com/espressif/esp-tflite-micro.git
      path: .
      type: git
    version: 7b82a0d27416f3ebb080c39b61e0d961cad2127d
  espressif/esp_audio_codec:
    component_hash: a5b9275af74247e3ce536d16a7080e4d77207a185b63e1bea368eb4d57176c2b
    dependencies:
    - name: idf
      require: private
      version: '>=4.4'
    source:
      registry_url: https://components.espressif.com/
      type: service
    version: 2.6.2
  espressif/esp_codec_dev:
    dependencies: []
    source:
      path: '@XIAOTAI_P4_PROJECT_DIR@/components/espressif__esp_codec_dev'
      type: local
    version: 1.6.2
  espressif/esp_h264:
    dependencies: []
    source:
      path: '@XIAOTAI_P4_PROJECT_DIR@/components/espressif__esp_h264'
      type: local
    version: 1.4.1
  espressif/esp_hosted:
    component_hash: 29069693948fba65d3b45012778d49a36a751fc2d2d7760f82e39f685fc0dbcb
    dependencies:
    - name: idf
      require: private
      version: '>=5.5'
    source:
      registry_url: https://components.espressif.com/
      type: service
    targets:
    - esp32
    - esp32c2
    - esp32s2
    - esp32s3
    - esp32c3
    - esp32c5
    - esp32c6
    - esp32c61
    - esp32h2
    - esp32h4
    - esp32h21
    - esp32p4
    version: 3.0.7
  espressif/esp_jpeg:
    component_hash: defb83669293cbf86d0fa86b475ba5517aceed04ed70db435388c151ab37b5d7
    dependencies:
    - name: idf
      require: private
      version: '>=5.0'
    source:
      registry_url: https://components.espressif.com/
      type: service
    version: 1.3.1
  espressif/esp_lcd_st7796:
    component_hash: 528a864b7dd447aa78472680a1f3e294c8045b4e64d479d176c3c66aa6f7edee
    dependencies:
    - name: espressif/cmake_utilities
      registry_url: https://components.espressif.com
      require: private
      version: 0.*
    - name: idf
      require: private
      version: '>=4.4'
    source:
      registry_url: https://components.espressif.com/
      type: service
    targets:
    - esp32
    - esp32s2
    - esp32s3
    - esp32p4
    - esp32c3
    version: 1.4.0
  espressif/esp_lcd_touch:
    component_hash: 3f85a7d95af876f1a6ecca8eb90a81614890d0f03a038390804e5a77e2caf862
    dependencies:
    - name: idf
      require: private
      version: '>=4.4.2'
    source:
      registry_url: https://components.espressif.com
      type: service
    version: 1.2.1
  espressif/esp_lcd_touch_ft5x06:
    component_hash: d49f3dec3ae89617c31d96ac6f31bbc3212a0f049354eabd55c9457e454c56ae
    dependencies:
    - name: espressif/esp_lcd_touch
      registry_url: https://components.espressif.com
      require: public
      version: ^1.2.0
    - name: idf
      require: private
      version: '>=5.2'
    source:
      registry_url: https://components.espressif.com/
      type: service
    version: 1.1.1
  espressif/esp_lvgl_port:
    component_hash: d3c020b45c3dfc0d1706a83b63a1c34a6eb444a6e935f9afff79f92b7b94dcef
    dependencies:
    - name: idf
      require: private
      version: '>=5.2'
    - name: lvgl/lvgl
      registry_url: https://components.espressif.com
      require: public
      version: '>=8,<10'
    source:
      registry_url: https://components.espressif.com/
      type: service
    version: 2.9.0
  espressif/esp_new_jpeg:
    component_hash: e1e7e6991193c41ed6c9fc386702aa7821433319e7aa9c3147cd3236310cd69c
    dependencies: []
    source:
      registry_url: https://components.espressif.com/
      type: service
    targets:
    - esp32
    - esp32s2
    - esp32s3
    - esp32s31
    - esp32p4
    - esp32c2
    - esp32c3
    - esp32c5
    - esp32c6
    - esp32c61
    - esp32h4
    version: 1.0.2
  espressif/esp_serial_slave_link:
    component_hash: ac1776806de0a6e371c84e87898bb983e19ce62aa7f1e2e5c4a3b0234a575d2c
    dependencies:
    - name: idf
      require: private
      version: '>=5.0'
    source:
      registry_url: https://components.espressif.com
      type: service
    version: 1.1.2
  espressif/esp_video:
    dependencies: []
    source:
      path: '@XIAOTAI_P4_PROJECT_DIR@/components/espressif__esp_video'
      type: local
    version: 2.5.0
  espressif/esp_wifi_remote:
    dependencies: []
    source:
      path: '@XIAOTAI_P4_PROJECT_DIR@/components/espressif__esp_wifi_remote'
      type: local
    version: 1.6.5
  espressif/quirc:
    component_hash: 3be250a06364f0d71a7903b66ac93084d2ce3998c2e75a168b9f1f0621dd6218
    dependencies:
    - name: idf
      require: private
      version: '>=4.3.0'
    source:
      registry_url: https://components.espressif.com/
      type: service
    version: 1.2.0
  espressif/usb_host_uvc:
    component_hash: ecb2604b71cb5a65d64e5f441be54793b1838096043ad8cf1fa0d3012de18a9a
    dependencies:
    - name: idf
      require: private
      version: '>=5.0'
    - name: espressif/usb
      registry_url: https://components.espressif.com
      require: public
      rules:
      - if: idf_version >=6.0
      - if: target not in ["linux"]
      version: ^1.0.0
    source:
      registry_url: https://components.espressif.com/
      type: service
    targets:
    - esp32s2
    - esp32s3
    - esp32p4
    - esp32h4
    - esp32s31
    - linux
    version: 2.5.2
  espressif/wifi_remote_over_eppp:
    component_hash: 1fd6968af20f0b19e421f6b519b0a8caf81d689afc3783b564c28559e45f66ef
    dependencies:
    - name: espressif/eppp_link
      registry_url: https://components.espressif.com
      require: private
      version: '>=0.1'
    - name: idf
      require: private
      version: '>=5.3'
    source:
      registry_url: https://components.espressif.com/
      type: service
    version: 0.3.3
  idf:
    source:
      type: idf
    version: 5.5.5
  lvgl/lvgl:
    component_hash: d7c1ac037ae6e85d94897f807d6e7ba0946a83e720074fc95a4f6241da9f9f53
    dependencies: []
    source:
      registry_url: https://components.espressif.com/
      type: service
    version: 8.4.0
direct_dependencies:
- esp_cam_sensor
- esp_ipa
- esp_sccb_intf
- espressif/cjson
- espressif/cmake_utilities
- espressif/dl_fft
- espressif/eppp_link
- espressif/esp-dl
- espressif/esp-dsp
- espressif/esp-nn
- espressif/esp-sr
- espressif/esp-tflite-micro
- espressif/esp_audio_codec
- espressif/esp_codec_dev
- espressif/esp_h264
- espressif/esp_hosted
- espressif/esp_jpeg
- espressif/esp_lcd_st7796
- espressif/esp_lcd_touch_ft5x06
- espressif/esp_lvgl_port
- espressif/esp_new_jpeg
- espressif/esp_video
- espressif/esp_wifi_remote
- espressif/quirc
- espressif/usb_host_uvc
- espressif/wifi_remote_over_eppp
- idf
- lvgl/lvgl
manifest_hash: 9cb9f0235239129688b7383b0388fc8d91e140b3d087261e1fd3d4ab47e1ce4f
target: esp32p4
version: 2.0.0
